
Microsoft Visual Studio Solution File, Format Version 12.00
# Visual Studio 15
VisualStudioVersion = 15.0.28307.1433
MinimumVisualStudioVersion = 10.0.40219.1
Project("{FAE04EC0-301F-11D3-BF4B-00C04F79EFBC}") = "CDIO", "CDIO\CDIO.csproj", "{C5B38396-5088-4A59-83D0-295333BF41CB}"
EndProject
Global
	GlobalSection(SolutionConfigurationPlatforms) = preSolution
		Debug|Any CPU = Debug|Any CPU
		Release|Any CPU = Release|Any CPU
	EndGlobalSection
	GlobalSection(ProjectConfigurationPlatforms) = postSolution
		{C5B38396-5088-4A59-83D0-295333BF41CB}.Debug|Any CPU.ActiveCfg = Debug|Any CPU
		{C5B38396-5088-4A59-83D0-295333BF41CB}.Debug|Any CPU.Build.0 = Debug|Any CPU
		{C5B38396-5088-4A59-83D0-295333BF41CB}.Release|Any CPU.ActiveCfg = Release|Any CPU
		{C5B38396-5088-4A59-83D0-295333BF41CB}.Release|Any CPU.Build.0 = Release|Any CPU
	EndGlobalSection
	GlobalSection(SolutionProperties) = preSolution
		HideSolutionNode = FALSE
	EndGlobalSection
	GlobalSection(ExtensibilityGlobals) = postSolution
		SolutionGuid = {C7AC7F19-FAA1-44EC-9754-F1D0FA22F730}
	EndGlobalSection
EndGlobal
